
Microsoft Visual Studio Solution File, Format Version 12.00
# Visual Studio 15
Project("{FAE04EC0-301F-11D3-BF4B-00C04F79EFBC}") = "Assembly-CSharp", "Assembly-CSharp.csproj", "{DC678609-68FC-3BCD-B276-C9B7D3C3DAB6}"
EndProject
Project("{FAE04EC0-301F-11D3-BF4B-00C04F79EFBC}") = "Assembly-CSharp-firstpass", "Assembly-CSharp-firstpass.csproj", "{B0907C67-F957-02B8-6DB0-A67F22D49021}"
EndProject
Global
	GlobalSection(SolutionConfigurationPlatforms) = preSolution
		Debug|Any CPU = Debug|Any CPU
		Release|Any CPU = Release|Any CPU
	EndGlobalSection
	GlobalSection(ProjectConfigurationPlatforms) = postSolution
		{DC678609-68FC-3BCD-B276-C9B7D3C3DAB6}.Debug|Any CPU.ActiveCfg = Debug|Any CPU
		{DC678609-68FC-3BCD-B276-C9B7D3C3DAB6}.Debug|Any CPU.Build.0 = Debug|Any CPU
		{DC678609-68FC-3BCD-B276-C9B7D3C3DAB6}.Release|Any CPU.ActiveCfg = Release|Any CPU
		{DC678609-68FC-3BCD-B276-C9B7D3C3DAB6}.Release|Any CPU.Build.0 = Release|Any CPU
		{B0907C67-F957-02B8-6DB0-A67F22D49021}.Debug|Any CPU.ActiveCfg = Debug|Any CPU
		{B0907C67-F957-02B8-6DB0-A67F22D49021}.Debug|Any CPU.Build.0 = Debug|Any CPU
		{B0907C67-F957-02B8-6DB0-A67F22D49021}.Release|Any CPU.ActiveCfg = Release|Any CPU
		{B0907C67-F957-02B8-6DB0-A67F22D49021}.Release|Any CPU.Build.0 = Release|Any CPU
	EndGlobalSection
	GlobalSection(SolutionProperties) = preSolution
		HideSolutionNode = FALSE
	EndGlobalSection
EndGlobal
